
Microsoft Visual Studio Solution File, Format Version 12.00
# Visual Studio Version 17
VisualStudioVersion = 17.1.32407.343
MinimumVisualStudioVersion = 10.0.40219.1
Project("{9A19103F-16F7-4668-BE54-9A1E7A4F7556}") = "TDDLab", "TDDLab\TDDLab.csproj", "{1C85C9A3-E335-4D2B-B429-8BFC32B079A0}"
EndProject
Project("{FAE04EC0-301F-11D3-BF4B-00C04F79EFBC}") = "TDDLabTests", "TDDLabTests\TDDLabTests.csproj", "{C839747D-350A-49C4-ADFD-1E921B2B2366}"
EndProject
Global
	GlobalSection(SolutionConfigurationPlatforms) = preSolution
		Debug|Any CPU = Debug|Any CPU
		Release|Any CPU = Release|Any CPU
	EndGlobalSection
	GlobalSection(ProjectConfigurationPlatforms) = postSolution
		{1C85C9A3-E335-4D2B-B429-8BFC32B079A0}.Debug|Any CPU.ActiveCfg = Debug|Any CPU
		{1C85C9A3-E335-4D2B-B429-8BFC32B079A0}.Debug|Any CPU.Build.0 = Debug|Any CPU
		{1C85C9A3-E335-4D2B-B429-8BFC32B079A0}.Release|Any CPU.ActiveCfg = Release|Any CPU
		{1C85C9A3-E335-4D2B-B429-8BFC32B079A0}.Release|Any CPU.Build.0 = Release|Any CPU
		{C839747D-350A-49C4-ADFD-1E921B2B2366}.Debug|Any CPU.ActiveCfg = Debug|Any CPU
		{C839747D-350A-49C4-ADFD-1E921B2B2366}.Debug|Any CPU.Build.0 = Debug|Any CPU
		{C839747D-350A-49C4-ADFD-1E921B2B2366}.Release|Any CPU.ActiveCfg = Release|Any CPU
		{C839747D-350A-49C4-ADFD-1E921B2B2366}.Release|Any CPU.Build.0 = Release|Any CPU
	EndGlobalSection
	GlobalSection(SolutionProperties) = preSolution
		HideSolutionNode = FALSE
	EndGlobalSection
	GlobalSection(ExtensibilityGlobals) = postSolution
		SolutionGuid = {84F46B5E-86D4-4AB2-B730-3D3B0C571888}
	EndGlobalSection
EndGlobal
